// !$*UTF8*$!
{
	archiveVersion = 1;
	classes = {
	};
	objectVersion = 55;
	objects = {

/* Begin PBXBuildFile section */
		7814E271274D88A200BA924E /* AppDelegate.swift in Sources */ = {isa = PBXBuildFile; fileRef = 7814E270274D88A200BA924E /* AppDelegate.swift */; };
		7814E273274D88A200BA924E /* SceneDelegate.swift in Sources */ = {isa = PBXBuildFile; fileRef = 7814E272274D88A200BA924E /* SceneDelegate.swift */; };
		7814E275274D88A200BA924E /* MapView.swift in Sources */ = {isa = PBXBuildFile; fileRef = 7814E274274D88A200BA924E /* MapView.swift */; };
		7814E278274D88A200BA924E /* Main.storyboard in Resources */ = {isa = PBXBuildFile; fileRef = 7814E276274D88A200BA924E /* Main.storyboard */; };
		7814E27A274D88A300BA924E /* Assets.xcassets in Resources */ = {isa = PBXBuildFile; fileRef = 7814E279274D88A300BA924E /* Assets.xcassets */; };
		7814E27D274D88A300BA924E /* LaunchScreen.storyboard in Resources */ = {isa = PBXBuildFile; fileRef = 7814E27B274D88A300BA924E /* LaunchScreen.storyboard */; };
		78478761275013E100E5B7C8 /* MapPresenter.swift in Sources */ = {isa = PBXBuildFile; fileRef = 78478760275013E100E5B7C8 /* MapPresenter.swift */; };
		784787632750140C00E5B7C8 /* MapInteractor.swift in Sources */ = {isa = PBXBuildFile; fileRef = 784787622750140C00E5B7C8 /* MapInteractor.swift */; };
		784787652750142400E5B7C8 /* MapRouter.swift in Sources */ = {isa = PBXBuildFile; fileRef = 784787642750142400E5B7C8 /* MapRouter.swift */; };
		784787672750162600E5B7C8 /* MapEntity.swift in Sources */ = {isa = PBXBuildFile; fileRef = 784787662750162600E5B7C8 /* MapEntity.swift */; };
		7847876A275019D300E5B7C8 /* MapProtocols.swift in Sources */ = {isa = PBXBuildFile; fileRef = 78478769275019D300E5B7C8 /* MapProtocols.swift */; };
		7847876D27501BFF00E5B7C8 /* EntityProtocol.swift in Sources */ = {isa = PBXBuildFile; fileRef = 7847876C27501BFF00E5B7C8 /* EntityProtocol.swift */; };
		7847876F27501C1100E5B7C8 /* InteractorProtocol.swift in Sources */ = {isa = PBXBuildFile; fileRef = 7847876E27501C1100E5B7C8 /* InteractorProtocol.swift */; };
		7847877127501C2500E5B7C8 /* PresenterProtocol.swift in Sources */ = {isa = PBXBuildFile; fileRef = 7847877027501C2500E5B7C8 /* PresenterProtocol.swift */; };
		7847877327501C3F00E5B7C8 /* ViewProtocol.swift in Sources */ = {isa = PBXBuildFile; fileRef = 7847877227501C3F00E5B7C8 /* ViewProtocol.swift */; };
		7847877527501C5300E5B7C8 /* RouterProtocol.swift in Sources */ = {isa = PBXBuildFile; fileRef = 7847877427501C5300E5B7C8 /* RouterProtocol.swift */; };
		78478779275030E700E5B7C8 /* ProfileView.swift in Sources */ = {isa = PBXBuildFile; fileRef = 78478778275030E700E5B7C8 /* ProfileView.swift */; };
		7847877B275030FB00E5B7C8 /* ProfileInteractor.swift in Sources */ = {isa = PBXBuildFile; fileRef = 7847877A275030FB00E5B7C8 /* ProfileInteractor.swift */; };
		7847877D2750311A00E5B7C8 /* ProfilePresenter.swift in Sources */ = {isa = PBXBuildFile; fileRef = 7847877C2750311A00E5B7C8 /* ProfilePresenter.swift */; };
		7847877F2750312D00E5B7C8 /* ProfileEntity.swift in Sources */ = {isa = PBXBuildFile; fileRef = 7847877E2750312D00E5B7C8 /* ProfileEntity.swift */; };
		784787812750314100E5B7C8 /* ProfileRouter.swift in Sources */ = {isa = PBXBuildFile; fileRef = 784787802750314100E5B7C8 /* ProfileRouter.swift */; };
		7847878527503EDA00E5B7C8 /* ProfileProtocols.swift in Sources */ = {isa = PBXBuildFile; fileRef = 7847878427503EDA00E5B7C8 /* ProfileProtocols.swift */; };
/* End PBXBuildFile section */

/* Begin PBXFileReference section */
		7814E26D274D88A200BA924E /* EventsMap.app */ = {isa = PBXFileReference; explicitFileType = wrapper.application; includeInIndex = 0; path = EventsMap.app; sourceTree = BUILT_PRODUCTS_DIR; };
		7814E270274D88A200BA924E /* AppDelegate.swift */ = {isa = PBXFileReference; lastKnownFileType = sourcecode.swift; path = AppDelegate.swift; sourceTree = "<group>"; };
		7814E272274D88A200BA924E /* SceneDelegate.swift */ = {isa = PBXFileReference; lastKnownFileType = sourcecode.swift; path = SceneDelegate.swift; sourceTree = "<group>"; };
		7814E274274D88A200BA924E /* MapView.swift */ = {isa = PBXFileReference; lastKnownFileType = sourcecode.swift; path = MapView.swift; sourceTree = "<group>"; };
		7814E277274D88A200BA924E /* Base */ = {isa = PBXFileReference; lastKnownFileType = file.storyboard; name = Base; path = Base.lproj/Main.storyboard; sourceTree = "<group>"; };
		7814E279274D88A300BA924E /* Assets.xcassets */ = {isa = PBXFileReference; lastKnownFileType = folder.assetcatalog; path = Assets.xcassets; sourceTree = "<group>"; };
		7814E27C274D88A300BA924E /* Base */ = {isa = PBXFileReference; lastKnownFileType = file.storyboard; name = Base; path = Base.lproj/LaunchScreen.storyboard; sourceTree = "<group>"; };
		7814E27E274D88A300BA924E /* Info.plist */ = {isa = PBXFileReference; lastKnownFileType = text.plist.xml; path = Info.plist; sourceTree = "<group>"; };
		78478760275013E100E5B7C8 /* MapPresenter.swift */ = {isa = PBXFileReference; lastKnownFileType = sourcecode.swift; path = MapPresenter.swift; sourceTree = "<group>"; };
		784787622750140C00E5B7C8 /* MapInteractor.swift */ = {isa = PBXFileReference; lastKnownFileType = sourcecode.swift; path = MapInteractor.swift; sourceTree = "<group>"; };
		784787642750142400E5B7C8 /* MapRouter.swift */ = {isa = PBXFileReference; lastKnownFileType = sourcecode.swift; path = MapRouter.swift; sourceTree = "<group>"; };
		784787662750162600E5B7C8 /* MapEntity.swift */ = {isa = PBXFileReference; lastKnownFileType = sourcecode.swift; path = MapEntity.swift; sourceTree = "<group>"; };
		78478769275019D300E5B7C8 /* MapProtocols.swift */ = {isa = PBXFileReference; lastKnownFileType = sourcecode.swift; path = MapProtocols.swift; sourceTree = "<group>"; };
		7847876C27501BFF00E5B7C8 /* EntityProtocol.swift */ = {isa = PBXFileReference; lastKnownFileType = sourcecode.swift; path = EntityProtocol.swift; sourceTree = "<group>"; };
		7847876E27501C1100E5B7C8 /* InteractorProtocol.swift */ = {isa = PBXFileReference; lastKnownFileType = sourcecode.swift; path = InteractorProtocol.swift; sourceTree = "<group>"; };
		7847877027501C2500E5B7C8 /* PresenterProtocol.swift */ = {isa = PBXFileReference; lastKnownFileType = sourcecode.swift; path = PresenterProtocol.swift; sourceTree = "<group>"; };
		7847877227501C3F00E5B7C8 /* ViewProtocol.swift */ = {isa = PBXFileReference; lastKnownFileType = sourcecode.swift; path = ViewProtocol.swift; sourceTree = "<group>"; };
		7847877427501C5300E5B7C8 /* RouterProtocol.swift */ = {isa = PBXFileReference; lastKnownFileType = sourcecode.swift; path = RouterProtocol.swift; sourceTree = "<group>"; };
		78478778275030E700E5B7C8 /* ProfileView.swift */ = {isa = PBXFileReference; lastKnownFileType = sourcecode.swift; path = ProfileView.swift; sourceTree = "<group>"; };
		7847877A275030FB00E5B7C8 /* ProfileInteractor.swift */ = {isa = PBXFileReference; lastKnownFileType = sourcecode.swift; path = ProfileInteractor.swift; sourceTree = "<group>"; };
		7847877C2750311A00E5B7C8 /* ProfilePresenter.swift */ = {isa = PBXFileReference; lastKnownFileType = sourcecode.swift; path = ProfilePresenter.swift; sourceTree = "<group>"; };
		7847877E2750312D00E5B7C8 /* ProfileEntity.swift */ = {isa = PBXFileReference; lastKnownFileType = sourcecode.swift; path = ProfileEntity.swift; sourceTree = "<group>"; };
		784787802750314100E5B7C8 /* ProfileRouter.swift */ = {isa = PBXFileReference; lastKnownFileType = sourcecode.swift; path = ProfileRouter.swift; sourceTree = "<group>"; };
		7847878427503EDA00E5B7C8 /* ProfileProtocols.swift */ = {isa = PBXFileReference; lastKnownFileType = sourcecode.swift; name = ProfileProtocols.swift; path = ../../../../../../ProfileProtocols.swift; sourceTree = "<group>"; };
/* End PBXFileReference section */

/* Begin PBXFrameworksBuildPhase section */
		7814E26A274D88A200BA924E /* Frameworks */ = {
			isa = PBXFrameworksBuildPhase;
			buildActionMask = 2147483647;
			files = (
			);
			runOnlyForDeploymentPostprocessing = 0;
		};
/* End PBXFrameworksBuildPhase section */

/* Begin PBXGroup section */
		7814E264274D88A200BA924E = {
			isa = PBXGroup;
			children = (
				7814E26F274D88A200BA924E /* EventsMap */,
				7814E26E274D88A200BA924E /* Products */,
			);
			sourceTree = "<group>";
		};
		7814E26E274D88A200BA924E /* Products */ = {
			isa = PBXGroup;
			children = (
				7814E26D274D88A200BA924E /* EventsMap.app */,
			);
			name = Products;
			sourceTree = "<group>";
		};
		7814E26F274D88A200BA924E /* EventsMap */ = {
			isa = PBXGroup;
			children = (
				7847876B27501BD400E5B7C8 /* MuduleProtocols */,
				7847875E2750135300E5B7C8 /* Modules */,
				7847875D2750133F00E5B7C8 /* Settings */,
				7814E276274D88A200BA924E /* Main.storyboard */,
				7814E279274D88A300BA924E /* Assets.xcassets */,
				7814E27B274D88A300BA924E /* LaunchScreen.storyboard */,
				7814E27E274D88A300BA924E /* Info.plist */,
			);
			path = EventsMap;
			sourceTree = "<group>";
		};
		7847875D2750133F00E5B7C8 /* Settings */ = {
			isa = PBXGroup;
			children = (
				7814E270274D88A200BA924E /* AppDelegate.swift */,
				7814E272274D88A200BA924E /* SceneDelegate.swift */,
			);
			path = Settings;
			sourceTree = "<group>";
		};
		7847875E2750135300E5B7C8 /* Modules */ = {
			isa = PBXGroup;
			children = (
				784787832750321E00E5B7C8 /* EventCreation */,
				784787822750317B00E5B7C8 /* EventDescription */,
				78478776275030A000E5B7C8 /* Profile */,
				7847875F2750137000E5B7C8 /* Map */,
			);
			path = Modules;
			sourceTree = "<group>";
		};
		7847875F2750137000E5B7C8 /* Map */ = {
			isa = PBXGroup;
			children = (
				784787682750195000E5B7C8 /* Protocols */,
				7814E274274D88A200BA924E /* MapView.swift */,
				784787622750140C00E5B7C8 /* MapInteractor.swift */,
				78478760275013E100E5B7C8 /* MapPresenter.swift */,
				784787662750162600E5B7C8 /* MapEntity.swift */,
				784787642750142400E5B7C8 /* MapRouter.swift */,
			);
			path = Map;
			sourceTree = "<group>";
		};
		784787682750195000E5B7C8 /* Protocols */ = {
			isa = PBXGroup;
			children = (
				78478769275019D300E5B7C8 /* MapProtocols.swift */,
			);
			path = Protocols;
			sourceTree = "<group>";
		};
		7847876B27501BD400E5B7C8 /* MuduleProtocols */ = {
			isa = PBXGroup;
			children = (
				7847877227501C3F00E5B7C8 /* ViewProtocol.swift */,
				7847876E27501C1100E5B7C8 /* InteractorProtocol.swift */,
				7847877027501C2500E5B7C8 /* PresenterProtocol.swift */,
				7847876C27501BFF00E5B7C8 /* EntityProtocol.swift */,
				7847877427501C5300E5B7C8 /* RouterProtocol.swift */,
			);
			path = MuduleProtocols;
			sourceTree = "<group>";
		};
		78478776275030A000E5B7C8 /* Profile */ = {
			isa = PBXGroup;
			children = (
				78478777275030D000E5B7C8 /* Protocols */,
				78478778275030E700E5B7C8 /* ProfileView.swift */,
				7847877A275030FB00E5B7C8 /* ProfileInteractor.swift */,
				7847877C2750311A00E5B7C8 /* ProfilePresenter.swift */,
				7847877E2750312D00E5B7C8 /* ProfileEntity.swift */,
				784787802750314100E5B7C8 /* ProfileRouter.swift */,
			);
			path = Profile;
			sourceTree = "<group>";
		};
		78478777275030D000E5B7C8 /* Protocols */ = {
			isa = PBXGroup;
			children = (
				7847878427503EDA00E5B7C8 /* ProfileProtocols.swift */,
			);
			path = Protocols;
			sourceTree = "<group>";
		};
		784787822750317B00E5B7C8 /* EventDescription */ = {
			isa = PBXGroup;
			children = (
			);
			path = EventDescription;
			sourceTree = "<group>";
		};
		784787832750321E00E5B7C8 /* EventCreation */ = {
			isa = PBXGroup;
			children = (
			);
			path = EventCreation;
			sourceTree = "<group>";
		};
/* End PBXGroup section */

/* Begin PBXNativeTarget section */
		7814E26C274D88A200BA924E /* EventsMap */ = {
			isa = PBXNativeTarget;
			buildConfigurationList = 7814E281274D88A300BA924E /* Build configuration list for PBXNativeTarget "EventsMap" */;
			buildPhases = (
				7814E269274D88A200BA924E /* Sources */,
				7814E26A274D88A200BA924E /* Frameworks */,
				7814E26B274D88A200BA924E /* Resources */,
			);
			buildRules = (
			);
			dependencies = (
			);
			name = EventsMap;
			productName = EventsMap;
			productReference = 7814E26D274D88A200BA924E /* EventsMap.app */;
			productType = "com.apple.product-type.application";
		};
/* End PBXNativeTarget section */

/* Begin PBXProject section */
		7814E265274D88A200BA924E /* Project object */ = {
			isa = PBXProject;
			attributes = {
				BuildIndependentTargetsInParallel = 1;
				LastSwiftUpdateCheck = 1310;
				LastUpgradeCheck = 1310;
				TargetAttributes = {
					7814E26C274D88A200BA924E = {
						CreatedOnToolsVersion = 13.1;
					};
				};
			};
			buildConfigurationList = 7814E268274D88A200BA924E /* Build configuration list for PBXProject "EventsMap" */;
			compatibilityVersion = "Xcode 13.0";
			developmentRegion = en;
			hasScannedForEncodings = 0;
			knownRegions = (
				en,
				Base,
			);
			mainGroup = 7814E264274D88A200BA924E;
			productRefGroup = 7814E26E274D88A200BA924E /* Products */;
			projectDirPath = "";
			projectRoot = "";
			targets = (
				7814E26C274D88A200BA924E /* EventsMap */,
			);
		};
/* End PBXProject section */

/* Begin PBXResourcesBuildPhase section */
		7814E26B274D88A200BA924E /* Resources */ = {
			isa = PBXResourcesBuildPhase;
			buildActionMask = 2147483647;
			files = (
				7814E27D274D88A300BA924E /* LaunchScreen.storyboard in Resources */,
				7814E27A274D88A300BA924E /* Assets.xcassets in Resources */,
				7814E278274D88A200BA924E /* Main.storyboard in Resources */,
			);
			runOnlyForDeploymentPostprocessing = 0;
		};
/* End PBXResourcesBuildPhase section */

/* Begin PBXSourcesBuildPhase section */
		7814E269274D88A200BA924E /* Sources */ = {
			isa = PBXSourcesBuildPhase;
			buildActionMask = 2147483647;
			files = (
				7814E275274D88A200BA924E /* MapView.swift in Sources */,
				7814E271274D88A200BA924E /* AppDelegate.swift in Sources */,
				7814E273274D88A200BA924E /* SceneDelegate.swift in Sources */,
				7847876A275019D300E5B7C8 /* MapProtocols.swift in Sources */,
				784787632750140C00E5B7C8 /* MapInteractor.swift in Sources */,
				7847876D27501BFF00E5B7C8 /* EntityProtocol.swift in Sources */,
				7847876F27501C1100E5B7C8 /* InteractorProtocol.swift in Sources */,
				7847878527503EDA00E5B7C8 /* ProfileProtocols.swift in Sources */,
				7847877B275030FB00E5B7C8 /* ProfileInteractor.swift in Sources */,
				78478761275013E100E5B7C8 /* MapPresenter.swift in Sources */,
				7847877527501C5300E5B7C8 /* RouterProtocol.swift in Sources */,
				7847877D2750311A00E5B7C8 /* ProfilePresenter.swift in Sources */,
				784787672750162600E5B7C8 /* MapEntity.swift in Sources */,
				784787812750314100E5B7C8 /* ProfileRouter.swift in Sources */,
				784787652750142400E5B7C8 /* MapRouter.swift in Sources */,
				7847877327501C3F00E5B7C8 /* ViewProtocol.swift in Sources */,
				78478779275030E700E5B7C8 /* ProfileView.swift in Sources */,
				7847877F2750312D00E5B7C8 /* ProfileEntity.swift in Sources */,
				7847877127501C2500E5B7C8 /* PresenterProtocol.swift in Sources */,
			);
			runOnlyForDeploymentPostprocessing = 0;
		};
/* End PBXSourcesBuildPhase section */

/* Begin PBXVariantGroup section */
		7814E276274D88A200BA924E /* Main.storyboard */ = {
			isa = PBXVariantGroup;
			children = (
				7814E277274D88A200BA924E /* Base */,
			);
			name = Main.storyboard;
			sourceTree = "<group>";
		};
		7814E27B274D88A300BA924E /* LaunchScreen.storyboard */ = {
			isa = PBXVariantGroup;
			children = (
				7814E27C274D88A300BA924E /* Base */,
			);
			name = LaunchScreen.storyboard;
			sourceTree = "<group>";
		};
/* End PBXVariantGroup section */

/* Begin XCBuildConfiguration section */
		7814E27F274D88A300BA924E /* Debug */ = {
			isa = XCBuildConfiguration;
			buildSettings = {
				ALWAYS_SEARCH_USER_PATHS = NO;
				CLANG_ANALYZER_NONNULL = YES;
				CLANG_ANALYZER_NUMBER_OBJECT_CONVERSION = YES_AGGRESSIVE;
				CLANG_CXX_LANGUAGE_STANDARD = "gnu++17";
				CLANG_CXX_LIBRARY = "libc++";
				CLANG_ENABLE_MODULES = YES;
				CLANG_ENABLE_OBJC_ARC = YES;
				CLANG_ENABLE_OBJC_WEAK = YES;
				CLANG_WARN_BLOCK_CAPTURE_AUTORELEASING = YES;
				CLANG_WARN_BOOL_CONVERSION = YES;
				CLANG_WARN_COMMA = YES;
				CLANG_WARN_CONSTANT_CONVERSION = YES;
				CLANG_WARN_DEPRECATED_OBJC_IMPLEMENTATIONS = YES;
				CLANG_WARN_DIRECT_OBJC_ISA_USAGE = YES_ERROR;
				CLANG_WARN_DOCUMENTATION_COMMENTS = YES;
				CLANG_WARN_EMPTY_BODY = YES;
				CLANG_WARN_ENUM_CONVERSION = YES;
				CLANG_WARN_INFINITE_RECURSION = YES;
				CLANG_WARN_INT_CONVERSION = YES;
				CLANG_WARN_NON_LITERAL_NULL_CONVERSION = YES;
				CLANG_WARN_OBJC_IMPLICIT_RETAIN_SELF = YES;
				CLANG_WARN_OBJC_LITERAL_CONVERSION = YES;
				CLANG_WARN_OBJC_ROOT_CLASS = YES_ERROR;
				CLANG_WARN_QUOTED_INCLUDE_IN_FRAMEWORK_HEADER = YES;
				CLANG_WARN_RANGE_LOOP_ANALYSIS = YES;
				CLANG_WARN_STRICT_PROTOTYPES = YES;
				CLANG_WARN_SUSPICIOUS_MOVE = YES;
				CLANG_WARN_UNGUARDED_AVAILABILITY = YES_AGGRESSIVE;
				CLANG_WARN_UNREACHABLE_CODE = YES;
				CLANG_WARN__DUPLICATE_METHOD_MATCH = YES;
				COPY_PHASE_STRIP = NO;
				DEBUG_INFORMATION_FORMAT = dwarf;
				ENABLE_STRICT_OBJC_MSGSEND = YES;
				ENABLE_TESTABILITY = YES;
				GCC_C_LANGUAGE_STANDARD = gnu11;
				GCC_DYNAMIC_NO_PIC = NO;
				GCC_NO_COMMON_BLOCKS = YES;
				GCC_OPTIMIZATION_LEVEL = 0;
				GCC_PREPROCESSOR_DEFINITIONS = (
					"DEBUG=1",
					"$(inherited)",
				);
				GCC_WARN_64_TO_32_BIT_CONVERSION = YES;
				GCC_WARN_ABOUT_RETURN_TYPE = YES_ERROR;
				GCC_WARN_UNDECLARED_SELECTOR = YES;
				GCC_WARN_UNINITIALIZED_AUTOS = YES_AGGRESSIVE;
				GCC_WARN_UNUSED_FUNCTION = YES;
				GCC_WARN_UNUSED_VARIABLE = YES;
				IPHONEOS_DEPLOYMENT_TARGET = 15.0;
				MTL_ENABLE_DEBUG_INFO = INCLUDE_SOURCE;
				MTL_FAST_MATH = YES;
				ONLY_ACTIVE_ARCH = YES;
				SDKROOT = iphoneos;
				SWIFT_ACTIVE_COMPILATION_CONDITIONS = DEBUG;
				SWIFT_OPTIMIZATION_LEVEL = "-Onone";
			};
			name = Debug;
		};
		7814E280274D88A300BA924E /* Release */ = {
			isa = XCBuildConfiguration;
			buildSettings = {
				ALWAYS_SEARCH_USER_PATHS = NO;
				CLANG_ANALYZER_NONNULL = YES;
				CLANG_ANALYZER_NUMBER_OBJECT_CONVERSION = YES_AGGRESSIVE;
				CLANG_CXX_LANGUAGE_STANDARD = "gnu++17";
				CLANG_CXX_LIBRARY = "libc++";
				CLANG_ENABLE_MODULES = YES;
				CLANG_ENABLE_OBJC_ARC = YES;
				CLANG_ENABLE_OBJC_WEAK = YES;
				CLANG_WARN_BLOCK_CAPTURE_AUTORELEASING = YES;
				CLANG_WARN_BOOL_CONVERSION = YES;
				CLANG_WARN_COMMA = YES;
				CLANG_WARN_CONSTANT_CONVERSION = YES;
				CLANG_WARN_DEPRECATED_OBJC_IMPLEMENTATIONS = YES;
				CLANG_WARN_DIRECT_OBJC_ISA_USAGE = YES_ERROR;
				CLANG_WARN_DOCUMENTATION_COMMENTS = YES;
				CLANG_WARN_EMPTY_BODY = YES;
				CLANG_WARN_ENUM_CONVERSION = YES;
				CLANG_WARN_INFINITE_RECURSION = YES;
				CLANG_WARN_INT_CONVERSION = YES;
				CLANG_WARN_NON_LITERAL_NULL_CONVERSION = YES;
				CLANG_WARN_OBJC_IMPLICIT_RETAIN_SELF = YES;
				CLANG_WARN_OBJC_LITERAL_CONVERSION = YES;
				CLANG_WARN_OBJC_ROOT_CLASS = YES_ERROR;
				CLANG_WARN_QUOTED_INCLUDE_IN_FRAMEWORK_HEADER = YES;
				CLANG_WARN_RANGE_LOOP_ANALYSIS = YES;
				CLANG_WARN_STRICT_PROTOTYPES = YES;
				CLANG_WARN_SUSPICIOUS_MOVE = YES;
				CLANG_WARN_UNGUARDED_AVAILABILITY = YES_AGGRESSIVE;
				CLANG_WARN_UNREACHABLE_CODE = YES;
				CLANG_WARN__DUPLICATE_METHOD_MATCH = YES;
				COPY_PHASE_STRIP = NO;
				DEBUG_INFORMATION_FORMAT = "dwarf-with-dsym";
				ENABLE_NS_ASSERTIONS = NO;
				ENABLE_STRICT_OBJC_MSGSEND = YES;
				GCC_C_LANGUAGE_STANDARD = gnu11;
				GCC_NO_COMMON_BLOCKS = YES;
				GCC_WARN_64_TO_32_BIT_CONVERSION = YES;
				GCC_WARN_ABOUT_RETURN_TYPE = YES_ERROR;
				GCC_WARN_UNDECLARED_SELECTOR = YES;
				GCC_WARN_UNINITIALIZED_AUTOS = YES_AGGRESSIVE;
				GCC_WARN_UNUSED_FUNCTION = YES;
				GCC_WARN_UNUSED_VARIABLE = YES;
				IPHONEOS_DEPLOYMENT_TARGET = 15.0;
				MTL_ENABLE_DEBUG_INFO = NO;
				MTL_FAST_MATH = YES;
				SDKROOT = iphoneos;
				SWIFT_COMPILATION_MODE = wholemodule;
				SWIFT_OPTIMIZATION_LEVEL = "-O";
				VALIDATE_PRODUCT = YES;
			};
			name = Release;
		};
		7814E282274D88A300BA924E /* Debug */ = {
			isa = XCBuildConfiguration;
			buildSettings = {
				ASSETCATALOG_COMPILER_APPICON_NAME = AppIcon;
				ASSETCATALOG_COMPILER_GLOBAL_ACCENT_COLOR_NAME = AccentColor;
				CODE_SIGN_STYLE = Automatic;
				CURRENT_PROJECT_VERSION = 1;
				DEVELOPMENT_TEAM = 828CC53H4B;
				GENERATE_INFOPLIST_FILE = YES;
				INFOPLIST_FILE = EventsMap/Info.plist;
				INFOPLIST_KEY_UIApplicationSupportsIndirectInputEvents = YES;
				INFOPLIST_KEY_UILaunchStoryboardName = LaunchScreen;
				INFOPLIST_KEY_UISupportedInterfaceOrientations_iPad = "UIInterfaceOrientationPortrait UIInterfaceOrientationPortraitUpsideDown UIInterfaceOrientationLandscapeLeft UIInterfaceOrientationLandscapeRight";
				INFOPLIST_KEY_UISupportedInterfaceOrientations_iPhone = "UIInterfaceOrientationPortrait UIInterfaceOrientationLandscapeLeft UIInterfaceOrientationLandscapeRight";
				LD_RUNPATH_SEARCH_PATHS = (
					"$(inherited)",
					"@executable_path/Frameworks",
				);
				MARKETING_VERSION = 1.0;
				PRODUCT_BUNDLE_IDENTIFIER = grishutenko.EventsMap;
				PRODUCT_NAME = "$(TARGET_NAME)";
				SWIFT_EMIT_LOC_STRINGS = YES;
				SWIFT_VERSION = 5.0;
				TARGETED_DEVICE_FAMILY = "1,2";
			};
			name = Debug;
		};
		7814E283274D88A300BA924E /* Release */ = {
			isa = XCBuildConfiguration;
			buildSettings = {
				ASSETCATALOG_COMPILER_APPICON_NAME = AppIcon;
				ASSETCATALOG_COMPILER_GLOBAL_ACCENT_COLOR_NAME = AccentColor;
				CODE_SIGN_STYLE = Automatic;
				CURRENT_PROJECT_VERSION = 1;
				DEVELOPMENT_TEAM = 828CC53H4B;
				GENERATE_INFOPLIST_FILE = YES;
				INFOPLIST_FILE = EventsMap/Info.plist;
				INFOPLIST_KEY_UIApplicationSupportsIndirectInputEvents = YES;
				INFOPLIST_KEY_UILaunchStoryboardName = LaunchScreen;
				INFOPLIST_KEY_UISupportedInterfaceOrientations_iPad = "UIInterfaceOrientationPortrait UIInterfaceOrientationPortraitUpsideDown UIInterfaceOrientationLandscapeLeft UIInterfaceOrientationLandscapeRight";
				INFOPLIST_KEY_UISupportedInterfaceOrientations_iPhone = "UIInterfaceOrientationPortrait UIInterfaceOrientationLandscapeLeft UIInterfaceOrientationLandscapeRight";
				LD_RUNPATH_SEARCH_PATHS = (
					"$(inherited)",
					"@executable_path/Frameworks",
				);
				MARKETING_VERSION = 1.0;
				PRODUCT_BUNDLE_IDENTIFIER = grishutenko.EventsMap;
				PRODUCT_NAME = "$(TARGET_NAME)";
				SWIFT_EMIT_LOC_STRINGS = YES;
				SWIFT_VERSION = 5.0;
				TARGETED_DEVICE_FAMILY = "1,2";
			};
			name = Release;
		};
/* End XCBuildConfiguration section */

/* Begin XCConfigurationList section */
		7814E268274D88A200BA924E /* Build configuration list for PBXProject "EventsMap" */ = {
			isa = XCConfigurationList;
			buildConfigurations = (
				7814E27F274D88A300BA924E /* Debug */,
				7814E280274D88A300BA924E /* Release */,
			);
			defaultConfigurationIsVisible = 0;
			defaultConfigurationName = Release;
		};
		7814E281274D88A300BA924E /* Build configuration list for PBXNativeTarget "EventsMap" */ = {
			isa = XCConfigurationList;
			buildConfigurations = (
				7814E282274D88A300BA924E /* Debug */,
				7814E283274D88A300BA924E /* Release */,
			);
			defaultConfigurationIsVisible = 0;
			defaultConfigurationName = Release;
		};
/* End XCConfigurationList section */
	};
	rootObject = 7814E265274D88A200BA924E /* Project object */;
}
